
Microsoft Visual Studio Solution File, Format Version 11.00
# Visual Studio 2010
Project("{FAE04EC0-301F-11D3-BF4B-00C04F79EFBC}") = "LastMinuteGolfer.Api", "LastMinuteGolfer.Api.csproj", "{F514246E-CC0C-4712-8F7A-C2C838A49797}"
EndProject
Global
	GlobalSection(SolutionConfigurationPlatforms) = preSolution
		Debug|Any CPU = Debug|Any CPU
		Release|Any CPU = Release|Any CPU
	EndGlobalSection
	GlobalSection(ProjectConfigurationPlatforms) = postSolution
		{F514246E-CC0C-4712-8F7A-C2C838A49797}.Debug|Any CPU.ActiveCfg = Debug|Any CPU
		{F514246E-CC0C-4712-8F7A-C2C838A49797}.Debug|Any CPU.Build.0 = Debug|Any CPU
		{F514246E-CC0C-4712-8F7A-C2C838A49797}.Release|Any CPU.ActiveCfg = Release|Any CPU
		{F514246E-CC0C-4712-8F7A-C2C838A49797}.Release|Any CPU.Build.0 = Release|Any CPU
	EndGlobalSection
EndGlobal
